# THIS IS AN AUTOGENERATED FILE. DO NOT EDIT THIS FILE DIRECTLY.
# yarn lockfile v1


react-idle-timer@^4.6.2:
  version "4.6.2"
  resolved "https://registry.yarnpkg.com/react-idle-timer/-/react-idle-timer-4.6.2.tgz#25196471b4ebd33b128afe5ab080b96b1b681a66"
  integrity sha512-EaP/yEhlwdwjd0Jckkg/gxgwLi646S6M9rSDl8/LW18uPoV+vSWS2BLy/ouoNHwpjSIKbO/jn0k+lPODg38XtA==
